
Microsoft Visual Studio Solution File, Format Version 12.00
# Visual Studio Version 17
VisualStudioVersion = 17.0.31903.59
MinimumVisualStudioVersion = 10.0.40219.1
Project("{2150E333-8FDC-42A3-9474-1A3956D46DE8}") = "src", "src", "{827E0CD3-B72D-47B6-A68D-7590B98EB39B}"
EndProject
Project("{FAE04EC0-301F-11D3-BF4B-00C04F79EFBC}") = "AssTrack.Domain", "src\AssTrack.Domain\AssTrack.Domain.csproj", "{E041EAA3-9FEC-4954-B98E-E763ECABB18E}"
EndProject
Project("{FAE04EC0-301F-11D3-BF4B-00C04F79EFBC}") = "AssTrack.Infrastructure", "src\AssTrack.Infrastructure\AssTrack.Infrastructure.csproj", "{238E4824-6829-48FB-BA26-C99904FD0A35}"
EndProject
Project("{FAE04EC0-301F-11D3-BF4B-00C04F79EFBC}") = "AssTrack.Api", "src\AssTrack.Api\AssTrack.Api.csproj", "{A6436B98-7543-4883-BE4F-50B4D12BA7CC}"
EndProject
Project("{2150E333-8FDC-42A3-9474-1A3956D46DE8}") = "tests", "tests", "{0AB3BF05-4346-4AA6-1389-037BE0695223}"
EndProject
Project("{FAE04EC0-301F-11D3-BF4B-00C04F79EFBC}") = "AssTrack.Tests", "tests\AssTrack.Tests\AssTrack.Tests.csproj", "{68F300D6-6CF3-4E48-AB85-4F617CC3100B}"
EndProject
Project("{FAE04EC0-301F-11D3-BF4B-00C04F79EFBC}") = "AssTrack.E2ETests", "tests\AssTrack.E2ETests\AssTrack.E2ETests.csproj", "{40A9256E-3ADD-402E-844B-EB9AC06BB9B4}"
EndProject
Project("{FAE04EC0-301F-11D3-BF4B-00C04F79EFBC}") = "AssTrack.BridgeGateway", "src\AssTrack.BridgeGateway\AssTrack.BridgeGateway.csproj", "{3CDE9EE6-32E0-48E5-9E17-19594C81ACE5}"
EndProject
Project("{FAE04EC0-301F-11D3-BF4B-00C04F79EFBC}") = "AssTrack.AppHost", "src\AssTrack.AppHost\AssTrack.AppHost.csproj", "{8455D5DB-FED7-4C5C-96BF-102CA8829A98}"
EndProject
Global
	GlobalSection(SolutionConfigurationPlatforms) = preSolution
		Debug|Any CPU = Debug|Any CPU
		Debug|x64 = Debug|x64
		Debug|x86 = Debug|x86
		Release|Any CPU = Release|Any CPU
		Release|x64 = Release|x64
		Release|x86 = Release|x86
	EndGlobalSection
	GlobalSection(ProjectConfigurationPlatforms) = postSolution
		{E041EAA3-9FEC-4954-B98E-E763ECABB18E}.Debug|Any CPU.ActiveCfg = Debug|Any CPU
		{E041EAA3-9FEC-4954-B98E-E763ECABB18E}.Debug|Any CPU.Build.0 = Debug|Any CPU
		{E041EAA3-9FEC-4954-B98E-E763ECABB18E}.Debug|x64.ActiveCfg = Debug|Any CPU
		{E041EAA3-9FEC-4954-B98E-E763ECABB18E}.Debug|x64.Build.0 = Debug|Any CPU
		{E041EAA3-9FEC-4954-B98E-E763ECABB18E}.Debug|x86.ActiveCfg = Debug|Any CPU
		{E041EAA3-9FEC-4954-B98E-E763ECABB18E}.Debug|x86.Build.0 = Debug|Any CPU
		{E041EAA3-9FEC-4954-B98E-E763ECABB18E}.Release|Any CPU.ActiveCfg = Release|Any CPU
		{E041EAA3-9FEC-4954-B98E-E763ECABB18E}.Release|Any CPU.Build.0 = Release|Any CPU
		{E041EAA3-9FEC-4954-B98E-E763ECABB18E}.Release|x64.ActiveCfg = Release|Any CPU
		{E041EAA3-9FEC-4954-B98E-E763ECABB18E}.Release|x64.Build.0 = Release|Any CPU
		{E041EAA3-9FEC-4954-B98E-E763ECABB18E}.Release|x86.ActiveCfg = Release|Any CPU
		{E041EAA3-9FEC-4954-B98E-E763ECABB18E}.Release|x86.Build.0 = Release|Any CPU
		{238E4824-6829-48FB-BA26-C99904FD0A35}.Debug|Any CPU.ActiveCfg = Debug|Any CPU
		{238E4824-6829-48FB-BA26-C99904FD0A35}.Debug|Any CPU.Build.0 = Debug|Any CPU
		{238E4824-6829-48FB-BA26-C99904FD0A35}.Debug|x64.ActiveCfg = Debug|Any CPU
		{238E4824-6829-48FB-BA26-C99904FD0A35}.Debug|x64.Build.0 = Debug|Any CPU
		{238E4824-6829-48FB-BA26-C99904FD0A35}.Debug|x86.ActiveCfg = Debug|Any CPU
		{238E4824-6829-48FB-BA26-C99904FD0A35}.Debug|x86.Build.0 = Debug|Any CPU
		{238E4824-6829-48FB-BA26-C99904FD0A35}.Release|Any CPU.ActiveCfg = Release|Any CPU
		{238E4824-6829-48FB-BA26-C99904FD0A35}.Release|Any CPU.Build.0 = Release|Any CPU
		{238E4824-6829-48FB-BA26-C99904FD0A35}.Release|x64.ActiveCfg = Release|Any CPU
		{238E4824-6829-48FB-BA26-C99904FD0A35}.Release|x64.Build.0 = Release|Any CPU
		{238E4824-6829-48FB-BA26-C99904FD0A35}.Release|x86.ActiveCfg = Release|Any CPU
		{238E4824-6829-48FB-BA26-C99904FD0A35}.Release|x86.Build.0 = Release|Any CPU
		{A6436B98-7543-4883-BE4F-50B4D12BA7CC}.Debug|Any CPU.ActiveCfg = Debug|Any CPU
		{A6436B98-7543-4883-BE4F-50B4D12BA7CC}.Debug|Any CPU.Build.0 = Debug|Any CPU
		{A6436B98-7543-4883-BE4F-50B4D12BA7CC}.Debug|x64.ActiveCfg = Debug|Any CPU
		{A6436B98-7543-4883-BE4F-50B4D12BA7CC}.Debug|x64.Build.0 = Debug|Any CPU
		{A6436B98-7543-4883-BE4F-50B4D12BA7CC}.Debug|x86.ActiveCfg = Debug|Any CPU
		{A6436B98-7543-4883-BE4F-50B4D12BA7CC}.Debug|x86.Build.0 = Debug|Any CPU
		{A6436B98-7543-4883-BE4F-50B4D12BA7CC}.Release|Any CPU.ActiveCfg = Release|Any CPU
		{A6436B98-7543-4883-BE4F-50B4D12BA7CC}.Release|Any CPU.Build.0 = Release|Any CPU
		{A6436B98-7543-4883-BE4F-50B4D12BA7CC}.Release|x64.ActiveCfg = Release|Any CPU
		{A6436B98-7543-4883-BE4F-50B4D12BA7CC}.Release|x64.Build.0 = Release|Any CPU
		{A6436B98-7543-4883-BE4F-50B4D12BA7CC}.Release|x86.ActiveCfg = Release|Any CPU
		{A6436B98-7543-4883-BE4F-50B4D12BA7CC}.Release|x86.Build.0 = Release|Any CPU
		{68F300D6-6CF3-4E48-AB85-4F617CC3100B}.Debug|Any CPU.ActiveCfg = Debug|Any CPU
		{68F300D6-6CF3-4E48-AB85-4F617CC3100B}.Debug|Any CPU.Build.0 = Debug|Any CPU
		{68F300D6-6CF3-4E48-AB85-4F617CC3100B}.Debug|x64.ActiveCfg = Debug|Any CPU
		{68F300D6-6CF3-4E48-AB85-4F617CC3100B}.Debug|x64.Build.0 = Debug|Any CPU
		{68F300D6-6CF3-4E48-AB85-4F617CC3100B}.Debug|x86.ActiveCfg = Debug|Any CPU
		{68F300D6-6CF3-4E48-AB85-4F617CC3100B}.Debug|x86.Build.0 = Debug|Any CPU
		{68F300D6-6CF3-4E48-AB85-4F617CC3100B}.Release|Any CPU.ActiveCfg = Release|Any CPU
		{68F300D6-6CF3-4E48-AB85-4F617CC3100B}.Release|Any CPU.Build.0 = Release|Any CPU
		{68F300D6-6CF3-4E48-AB85-4F617CC3100B}.Release|x64.ActiveCfg = Release|Any CPU
		{68F300D6-6CF3-4E48-AB85-4F617CC3100B}.Release|x64.Build.0 = Release|Any CPU
		{68F300D6-6CF3-4E48-AB85-4F617CC3100B}.Release|x86.ActiveCfg = Release|Any CPU
		{68F300D6-6CF3-4E48-AB85-4F617CC3100B}.Release|x86.Build.0 = Release|Any CPU
		{40A9256E-3ADD-402E-844B-EB9AC06BB9B4}.Debug|Any CPU.ActiveCfg = Debug|Any CPU
		{40A9256E-3ADD-402E-844B-EB9AC06BB9B4}.Debug|Any CPU.Build.0 = Debug|Any CPU
		{40A9256E-3ADD-402E-844B-EB9AC06BB9B4}.Debug|x64.ActiveCfg = Debug|Any CPU
		{40A9256E-3ADD-402E-844B-EB9AC06BB9B4}.Debug|x64.Build.0 = Debug|Any CPU
		{40A9256E-3ADD-402E-844B-EB9AC06BB9B4}.Debug|x86.ActiveCfg = Debug|Any CPU
		{40A9256E-3ADD-402E-844B-EB9AC06BB9B4}.Debug|x86.Build.0 = Debug|Any CPU
		{40A9256E-3ADD-402E-844B-EB9AC06BB9B4}.Release|Any CPU.ActiveCfg = Release|Any CPU
		{40A9256E-3ADD-402E-844B-EB9AC06BB9B4}.Release|Any CPU.Build.0 = Release|Any CPU
		{40A9256E-3ADD-402E-844B-EB9AC06BB9B4}.Release|x64.ActiveCfg = Release|Any CPU
		{40A9256E-3ADD-402E-844B-EB9AC06BB9B4}.Release|x64.Build.0 = Release|Any CPU
		{40A9256E-3ADD-402E-844B-EB9AC06BB9B4}.Release|x86.ActiveCfg = Release|Any CPU
		{40A9256E-3ADD-402E-844B-EB9AC06BB9B4}.Release|x86.Build.0 = Release|Any CPU
		{3CDE9EE6-32E0-48E5-9E17-19594C81ACE5}.Debug|Any CPU.ActiveCfg = Debug|Any CPU
		{3CDE9EE6-32E0-48E5-9E17-19594C81ACE5}.Debug|Any CPU.Build.0 = Debug|Any CPU
		{3CDE9EE6-32E0-48E5-9E17-19594C81ACE5}.Debug|x64.ActiveCfg = Debug|Any CPU
		{3CDE9EE6-32E0-48E5-9E17-19594C81ACE5}.Debug|x64.Build.0 = Debug|Any CPU
		{3CDE9EE6-32E0-48E5-9E17-19594C81ACE5}.Debug|x86.ActiveCfg = Debug|Any CPU
		{3CDE9EE6-32E0-48E5-9E17-19594C81ACE5}.Debug|x86.Build.0 = Debug|Any CPU
		{3CDE9EE6-32E0-48E5-9E17-19594C81ACE5}.Release|Any CPU.ActiveCfg = Release|Any CPU
		{3CDE9EE6-32E0-48E5-9E17-19594C81ACE5}.Release|Any CPU.Build.0 = Release|Any CPU
		{3CDE9EE6-32E0-48E5-9E17-19594C81ACE5}.Release|x64.ActiveCfg = Release|Any CPU
		{3CDE9EE6-32E0-48E5-9E17-19594C81ACE5}.Release|x64.Build.0 = Release|Any CPU
		{3CDE9EE6-32E0-48E5-9E17-19594C81ACE5}.Release|x86.ActiveCfg = Release|Any CPU
		{3CDE9EE6-32E0-48E5-9E17-19594C81ACE5}.Release|x86.Build.0 = Release|Any CPU
		{8455D5DB-FED7-4C5C-96BF-102CA8829A98}.Debug|Any CPU.ActiveCfg = Debug|Any CPU
		{8455D5DB-FED7-4C5C-96BF-102CA8829A98}.Debug|Any CPU.Build.0 = Debug|Any CPU
		{8455D5DB-FED7-4C5C-96BF-102CA8829A98}.Debug|x64.ActiveCfg = Debug|Any CPU
		{8455D5DB-FED7-4C5C-96BF-102CA8829A98}.Debug|x64.Build.0 = Debug|Any CPU
		{8455D5DB-FED7-4C5C-96BF-102CA8829A98}.Debug|x86.ActiveCfg = Debug|Any CPU
		{8455D5DB-FED7-4C5C-96BF-102CA8829A98}.Debug|x86.Build.0 = Debug|Any CPU
		{8455D5DB-FED7-4C5C-96BF-102CA8829A98}.Release|Any CPU.ActiveCfg = Release|Any CPU
		{8455D5DB-FED7-4C5C-96BF-102CA8829A98}.Release|Any CPU.Build.0 = Release|Any CPU
		{8455D5DB-FED7-4C5C-96BF-102CA8829A98}.Release|x64.ActiveCfg = Release|Any CPU
		{8455D5DB-FED7-4C5C-96BF-102CA8829A98}.Release|x64.Build.0 = Release|Any CPU
		{8455D5DB-FED7-4C5C-96BF-102CA8829A98}.Release|x86.ActiveCfg = Release|Any CPU
		{8455D5DB-FED7-4C5C-96BF-102CA8829A98}.Release|x86.Build.0 = Release|Any CPU
	EndGlobalSection
	GlobalSection(SolutionProperties) = preSolution
		HideSolutionNode = FALSE
	EndGlobalSection
	GlobalSection(NestedProjects) = preSolution
		{E041EAA3-9FEC-4954-B98E-E763ECABB18E} = {827E0CD3-B72D-47B6-A68D-7590B98EB39B}
		{238E4824-6829-48FB-BA26-C99904FD0A35} = {827E0CD3-B72D-47B6-A68D-7590B98EB39B}
		{A6436B98-7543-4883-BE4F-50B4D12BA7CC} = {827E0CD3-B72D-47B6-A68D-7590B98EB39B}
		{68F300D6-6CF3-4E48-AB85-4F617CC3100B} = {0AB3BF05-4346-4AA6-1389-037BE0695223}
		{40A9256E-3ADD-402E-844B-EB9AC06BB9B4} = {0AB3BF05-4346-4AA6-1389-037BE0695223}
		{3CDE9EE6-32E0-48E5-9E17-19594C81ACE5} = {827E0CD3-B72D-47B6-A68D-7590B98EB39B}
		{8455D5DB-FED7-4C5C-96BF-102CA8829A98} = {827E0CD3-B72D-47B6-A68D-7590B98EB39B}
	EndGlobalSection
EndGlobal
